{
  "name": "hbs",
  "version": "1.0.0",
  "lockfileVersion": 1,
  "requires": true,
  "dependencies": {
    "async": {
      "version": "2.6.1",
      "resolved": "https://registry.npmjs.org/async/-/async-2.6.1.tgz",
      "integrity": "sha512-fNEiL2+AZt6AlAw/29Cr0UDe4sRAHCpEHh54WMz+Bb7QfNcFw4h3loofyJpLeQs4Yx7yuqu/2dLgM5hKOs6HlQ==",
      "requires": {
        "lodash": "^4.17.10"
      }
    },
    "backbone": {
      "version": "1.3.3",
      "resolved": "https://registry.npmjs.org/backbone/-/backbone-1.3.3.tgz",
      "integrity": "sha1-TMgOp8sWMaxHSInOQPL4vGg7KZk=",
      "requires": {
        "underscore": ">=1.8.3"
      }
    },
    "bootstrap": {
      "version": "4.1.3",
      "resolved": "https://registry.npmjs.org/bootstrap/-/bootstrap-4.1.3.tgz",
      "integrity": "sha512-rDFIzgXcof0jDyjNosjv4Sno77X4KuPeFxG2XZZv1/Kc8DRVGVADdoQyyOVDwPqL36DDmtCQbrpMCqvpPLJQ0w=="
    },
    "browser-jquery": {
      "version": "1.10.2",
      "resolved": "https://registry.npmjs.org/browser-jquery/-/browser-jquery-1.10.2.tgz",
      "integrity": "sha1-VvZLOZnApifblG3zV9J202B8Oy4="
    },
    "browser-jquery-mobile": {
      "version": "1.4.1",
      "resolved": "https://registry.npmjs.org/browser-jquery-mobile/-/browser-jquery-mobile-1.4.1.tgz",
      "integrity": "sha1-NUPu7pCb2cYe8p2mlo56go6upMs=",
      "requires": {
        "browser-jquery": ">=1.8.3"
      }
    },
    "commander": {
      "version": "2.17.1",
      "resolved": "https://registry.npmjs.org/commander/-/commander-2.17.1.tgz",
      "integrity": "sha512-wPMUt6FnH2yzG95SA6mzjQOEKUU3aLaDEmzs1ti+1E9h+CsrZghRlqEM/EJ4KscsQVG8uNN4uVreUeT8+drlgg==",
      "optional": true
    },
    "dom7": {
      "version": "2.1.2",
      "resolved": "https://registry.npmjs.org/dom7/-/dom7-2.1.2.tgz",
      "integrity": "sha512-cGwWtpu7KY3JnbREGqG4EGC/u+1hyLfWVMqrqRjmwiO8d5i4B+0imLZAQ/cJbiXnjbs0pdIUzcUyeI9BbnyKNg==",
      "requires": {
        "ssr-window": "^1.0.1"
      }
    },
    "free-jqgrid": {
      "version": "4.15.5",
      "resolved": "https://registry.npmjs.org/free-jqgrid/-/free-jqgrid-4.15.5.tgz",
      "integrity": "sha512-mWDF8LhKablncFaN4I2Bo7t1QnbVqR2s8fgKt4yn6ciuuXHs+5qUWcjIIH4SGBjkUiQmXp4rymeFXMDKBbTcmg=="
    },
    "gridstack": {
      "version": "0.4.0",
      "resolved": "https://registry.npmjs.org/gridstack/-/gridstack-0.4.0.tgz",
      "integrity": "sha512-N8ehAjdZWNm1lik9J34X9YrjGla9+9odm0RmrpLmUaQUit99ap+ve8TdYkJR/JlUMfI1zBgmxNcAxVWMKKpkWw==",
      "requires": {
        "jquery": "^3.1.0",
        "jquery-ui": "^1.12.0",
        "lodash": "^4.17.10"
      },
      "dependencies": {
        "jquery": {
          "version": "3.3.1",
          "resolved": "https://registry.npmjs.org/jquery/-/jquery-3.3.1.tgz",
          "integrity": "sha512-Ubldcmxp5np52/ENotGxlLe6aGMvmF4R8S6tZjsP6Knsaxd/xp3Zrh50cG93lR6nPXyUFwzN3ZSOQI0wRJNdGg=="
        }
      }
    },
    "handlebars": {
      "version": "4.0.12",
      "resolved": "https://registry.npmjs.org/handlebars/-/handlebars-4.0.12.tgz",
      "integrity": "sha512-RhmTekP+FZL+XNhwS1Wf+bTTZpdLougwt5pcgA1tuz6Jcx0fpH/7z0qd71RKnZHBCxIRBHfBOnio4gViPemNzA==",
      "requires": {
        "async": "^2.5.0",
        "optimist": "^0.6.1",
        "source-map": "^0.6.1",
        "uglify-js": "^3.1.4"
      }
    },
    "inputmask": {
      "version": "4.0.3",
      "resolved": "https://registry.npmjs.org/inputmask/-/inputmask-4.0.3.tgz",
      "integrity": "sha512-4VXomRC/ITucrBFN4L094GSF7VQU+9+8PTld2CuP0Z2WCIlcXbCqq6Pi2JsN6RVOr1uzaEFnTlN58TaECTF8lQ=="
    },
    "ion-sound": {
      "version": "3.0.7",
      "resolved": "https://registry.npmjs.org/ion-sound/-/ion-sound-3.0.7.tgz",
      "integrity": "sha1-jp9W3x91XhuGNBeTSEX990+3uow="
    },
    "jquery": {
      "version": "1.12.4",
      "resolved": "https://registry.npmjs.org/jquery/-/jquery-1.12.4.tgz",
      "integrity": "sha1-AeHfuikP5z3rp3zurLD5ui/sngw="
    },
    "jquery-bootgrid": {
      "version": "1.3.1",
      "resolved": "https://registry.npmjs.org/jquery-bootgrid/-/jquery-bootgrid-1.3.1.tgz",
      "integrity": "sha1-lR4UtcSEdCatVD6WdhLr5buwQko=",
      "requires": {
        "bootstrap": ">=3.1.1",
        "jquery": ">=1.9.0"
      }
    },
    "jquery-mobile": {
      "version": "1.5.0-alpha.1",
      "resolved": "https://registry.npmjs.org/jquery-mobile/-/jquery-mobile-1.5.0-alpha.1.tgz",
      "integrity": "sha1-KoQQ1X873re5ad4vTancOQb5kZ4=",
      "requires": {
        "jquery": ">=1.8.3"
      }
    },
    "jquery-paging": {
      "version": "1.0.1",
      "resolved": "https://registry.npmjs.org/jquery-paging/-/jquery-paging-1.0.1.tgz",
      "integrity": "sha1-nfX8Tb+zfdPZpU11L1J6WLllf64="
    },
    "jquery-ui": {
      "version": "1.12.1",
      "resolved": "https://registry.npmjs.org/jquery-ui/-/jquery-ui-1.12.1.tgz",
      "integrity": "sha1-vLQEXI3QU5wTS8FIjN0+dop6nlE="
    },
    "jquery-ui-stable": {
      "version": "1.12.1-final",
      "resolved": "https://registry.npmjs.org/jquery-ui-stable/-/jquery-ui-stable-1.12.1-final.tgz",
      "integrity": "sha1-mXTWUbZyDI8w1uPSJrmQT0KfywY="
    },
    "jquery-validation": {
      "version": "1.18.0",
      "resolved": "https://registry.npmjs.org/jquery-validation/-/jquery-validation-1.18.0.tgz",
      "integrity": "sha512-+MK0pvoegfLrJnwtCU6tx305Vgp9HWevpmdVwDf5TthmINkn0wqqLD0bpa75EERlHsBBjMmza//ppx5ZQPnW3Q==",
      "requires": {
        "jquery": "^1.7 || ^2.0 || ^3.1"
      }
    },
    "jquery.redirect": {
      "version": "1.1.4",
      "resolved": "https://registry.npmjs.org/jquery.redirect/-/jquery.redirect-1.1.4.tgz",
      "integrity": "sha512-t6YUxbTwTNSXEMww0x6QD3RnlmbtmItDo4IiK3lo4AEqbpq9gUx50HCBCGRpKaF0aTBQAOW/vSnzPjV+Nrlf4Q=="
    },
    "jstree": {
      "version": "3.3.7",
      "resolved": "https://registry.npmjs.org/jstree/-/jstree-3.3.7.tgz",
      "integrity": "sha512-yzzalO1TbZ4HdPezO43LesGI4Wv2sB0Nl+4GfwO0YYvehGws5qtTAhlBISxfur9phMLwCtf9GjHlRx2ZLXyRnw==",
      "requires": {
        "jquery": ">=1.9.1"
      }
    },
    "leaflet": {
      "version": "1.3.4",
      "resolved": "https://registry.npmjs.org/leaflet/-/leaflet-1.3.4.tgz",
      "integrity": "sha512-FYL1LGFdj6v+2Ifpw+AcFIuIOqjNggfoLUwuwQv6+3sS21Za7Wvapq+LhbSE4NDXrEj6eYnW3y7LsaBICpyXtw=="
    },
    "lodash": {
      "version": "4.17.11",
      "resolved": "https://registry.npmjs.org/lodash/-/lodash-4.17.11.tgz",
      "integrity": "sha512-cQKh8igo5QUhZ7lg38DYWAxMvjSAKG0A8wGSVimP07SIUEK2UO+arSRKbRZWtelMtN5V0Hkwh5ryOto/SshYIg=="
    },
    "minimist": {
      "version": "0.0.10",
      "resolved": "http://registry.npmjs.org/minimist/-/minimist-0.0.10.tgz",
      "integrity": "sha1-3j+YVD2/lggr5IrRoMfNqDYwHc8="
    },
    "moment": {
      "version": "2.22.2",
      "resolved": "https://registry.npmjs.org/moment/-/moment-2.22.2.tgz",
      "integrity": "sha1-PCV/mDn8DpP/UxSWMiOeuQeD/2Y="
    },
    "mustache": {
      "version": "3.0.1",
      "resolved": "https://registry.npmjs.org/mustache/-/mustache-3.0.1.tgz",
      "integrity": "sha512-jFI/4UVRsRYdUbuDTKT7KzfOp7FiD5WzYmmwNwXyUVypC0xjoTL78Fqc0jHUPIvvGD+6DQSPHIt1NE7D1ArsqA=="
    },
    "optimist": {
      "version": "0.6.1",
      "resolved": "https://registry.npmjs.org/optimist/-/optimist-0.6.1.tgz",
      "integrity": "sha1-2j6nRob6IaGaERwybpDrFaAZZoY=",
      "requires": {
        "minimist": "~0.0.1",
        "wordwrap": "~0.0.2"
      }
    },
    "owl.carousel2": {
      "version": "2.2.1",
      "resolved": "https://registry.npmjs.org/owl.carousel2/-/owl.carousel2-2.2.1.tgz",
      "integrity": "sha1-CdxbSue5t6PZE/5P6kxtbMeVfyI=",
      "requires": {
        "jquery": ">=1.8.3"
      }
    },
    "photoswipe": {
      "version": "4.1.2",
      "resolved": "https://registry.npmjs.org/photoswipe/-/photoswipe-4.1.2.tgz",
      "integrity": "sha1-lcIKdc6iO3DWKZZBytguA8rn95c="
    },
    "pressure": {
      "version": "2.1.2",
      "resolved": "https://registry.npmjs.org/pressure/-/pressure-2.1.2.tgz",
      "integrity": "sha512-ZSargPrrtyDGsWKFQvk3e5i/JM24pRTlb7Wu6RNtQiSzSAwdNw7hmB4+tQ/V2AhC3u4YGx3q2kMYEgtr/6ctXQ=="
    },
    "requirejs": {
      "version": "2.3.6",
      "resolved": "https://registry.npmjs.org/requirejs/-/requirejs-2.3.6.tgz",
      "integrity": "sha512-ipEzlWQe6RK3jkzikgCupiTbTvm4S0/CAU5GlgptkN5SO6F3u0UD0K18wy6ErDqiCyP4J4YYe1HuAShvsxePLg=="
    },
    "selectpage": {
      "version": "2.19.0",
      "resolved": "https://registry.npmjs.org/selectpage/-/selectpage-2.19.0.tgz",
      "integrity": "sha512-DWta72PkqriW7KK9IDc8bRgHKvO5NBnYtNVTysThjrIFDhGYcgdpPjnhw/0uSTmqte7addg5gkLg3Q69ChN5yw==",
      "requires": {
        "jquery": "^1.12.4"
      }
    },
    "slick-carousel": {
      "version": "1.8.1",
      "resolved": "https://registry.npmjs.org/slick-carousel/-/slick-carousel-1.8.1.tgz",
      "integrity": "sha512-XB9Ftrf2EEKfzoQXt3Nitrt/IPbT+f1fgqBdoxO3W/+JYvtEOW6EgxnWfr9GH6nmULv7Y2tPmEX3koxThVmebA=="
    },
    "source-map": {
      "version": "0.6.1",
      "resolved": "https://registry.npmjs.org/source-map/-/source-map-0.6.1.tgz",
      "integrity": "sha512-UjgapumWlbMhkBgzT7Ykc5YXUT46F0iKu8SGXq0bcwP5dz/h0Plj6enJqjz1Zbq2l5WaqYnrVbwWOWMyF3F47g=="
    },
    "ssr-window": {
      "version": "1.0.1",
      "resolved": "https://registry.npmjs.org/ssr-window/-/ssr-window-1.0.1.tgz",
      "integrity": "sha512-dgFqB+f00LJTEgb6UXhx0h+SrG50LJvti2yMKMqAgzfUmUXZrLSv2fjULF7AWGwK25EXu8+smLR3jYsJQChPsg=="
    },
    "swiper": {
      "version": "4.4.2",
      "resolved": "https://registry.npmjs.org/swiper/-/swiper-4.4.2.tgz",
      "integrity": "sha512-Vfl4Zw4Z7iZwUu5S11JeC7OSy4nwky29nkUulkmg8lIqcWla6UtOhdap0gkyJRYS+UJXki+GWQsbFM0SZRxZPQ==",
      "requires": {
        "dom7": "^2.1.2",
        "ssr-window": "^1.0.1"
      }
    },
    "twbs-pagination": {
      "version": "1.4.1",
      "resolved": "https://registry.npmjs.org/twbs-pagination/-/twbs-pagination-1.4.1.tgz",
      "integrity": "sha1-8X6221QP4FG8h4Zlqk3GKO5PyBw=",
      "requires": {
        "jquery": ">=1.7"
      }
    },
    "uglify-js": {
      "version": "3.4.9",
      "resolved": "https://registry.npmjs.org/uglify-js/-/uglify-js-3.4.9.tgz",
      "integrity": "sha512-8CJsbKOtEbnJsTyv6LE6m6ZKniqMiFWmm9sRbopbkGs3gMPPfd3Fh8iIA4Ykv5MgaTbqHr4BaoGLJLZNhsrW1Q==",
      "optional": true,
      "requires": {
        "commander": "~2.17.1",
        "source-map": "~0.6.1"
      }
    },
    "underscore": {
      "version": "1.9.1",
      "resolved": "https://registry.npmjs.org/underscore/-/underscore-1.9.1.tgz",
      "integrity": "sha512-5/4etnCkd9c8gwgowi5/om/mYO5ajCaOgdzj/oW+0eQV9WxKBDZw5+ycmKmeaTXjInS/W0BzpGLo2xR2aBwZdg=="
    },
    "wordwrap": {
      "version": "0.0.3",
      "resolved": "https://registry.npmjs.org/wordwrap/-/wordwrap-0.0.3.tgz",
      "integrity": "sha1-o9XabNXAvAAI03I0u68b7WMFkQc="
    }
  }
}
